<?xml version="1.0" encoding="utf-8"?>
<Project ToolsVersion="4.0" xmlns="http://schemas.microsoft.com/developer/msbuild/2003">
  <ItemGroup>
    <Filter Include="Source Files">
      <UniqueIdentifier>{4FC737F1-C7A5-4376-A066-2A32D752A2FF}</UniqueIdentifier>
      <Extensions>cpp;c;cc;cxx;def;odl;idl;hpj;bat;asm;asmx</Extensions>
    </Filter>
    <Filter Include="Header Files">
      <UniqueIdentifier>{93995380-89BD-4b04-88EB-625FBE52EBFB}</UniqueIdentifier>
      <Extensions>h;hh;hpp;hxx;hm;inl;inc;ipp;xsd</Extensions>
    </Filter>
    <Filter Include="Resource Files">
      <UniqueIdentifier>{67DA6AB6-F800-4c08-8B7A-83BB121AAD01}</UniqueIdentifier>
      <Extensions>rc;ico;cur;bmp;dlg;rc2;rct;bin;rgs;gif;jpg;jpeg;jpe;resx;tiff;tif;png;wav;mfcribbon-ms</Extensions>
    </Filter>
  </ItemGroup>
  <ItemGroup>
    <ClCompile Include="libmbedtls.cpp">
      <Filter>Source Files</Filter>
    </ClCompile>
    <ClCompile Include="stdafx.cpp">
      <Filter>Source Files</Filter>
    </ClCompile>
    <ClCompile Include="src\mbedtls-2.9.0-apache\library\aes.c">
      <Filter>Source Files</Filter>
    </ClCompile>
    <ClCompile Include="src\mbedtls-2.9.0-apache\library\aesni.c">
      <Filter>Source Files</Filter>
    </ClCompile>
    <ClCompile Include="src\mbedtls-2.9.0-apache\library\arc4.c">
      <Filter>Source Files</Filter>
    </ClCompile>
    <ClCompile Include="src\mbedtls-2.9.0-apache\library\asn1parse.c">
      <Filter>Source Files</Filter>
    </ClCompile>
    <ClCompile Include="src\mbedtls-2.9.0-apache\library\asn1write.c">
      <Filter>Source Files</Filter>
    </ClCompile>
    <ClCompile Include="src\mbedtls-2.9.0-apache\library\base64.c">
      <Filter>Source Files</Filter>
    </ClCompile>
    <ClCompile Include="src\mbedtls-2.9.0-apache\library\bignum.c">
      <Filter>Source Files</Filter>
    </ClCompile>
    <ClCompile Include="src\mbedtls-2.9.0-apache\library\blowfish.c">
      <Filter>Source Files</Filter>
    </ClCompile>
    <ClCompile Include="src\mbedtls-2.9.0-apache\library\camellia.c">
      <Filter>Source Files</Filter>
    </ClCompile>
    <ClCompile Include="src\mbedtls-2.9.0-apache\library\ccm.c">
      <Filter>Source Files</Filter>
    </ClCompile>
    <ClCompile Include="src\mbedtls-2.9.0-apache\library\certs.c">
      <Filter>Source Files</Filter>
    </ClCompile>
    <ClCompile Include="src\mbedtls-2.9.0-apache\library\cipher.c">
      <Filter>Source Files</Filter>
    </ClCompile>
    <ClCompile Include="src\mbedtls-2.9.0-apache\library\cipher_wrap.c">
      <Filter>Source Files</Filter>
    </ClCompile>
    <ClCompile Include="src\mbedtls-2.9.0-apache\library\cmac.c">
      <Filter>Source Files</Filter>
    </ClCompile>
    <ClCompile Include="src\mbedtls-2.9.0-apache\library\ctr_drbg.c">
      <Filter>Source Files</Filter>
    </ClCompile>
    <ClCompile Include="src\mbedtls-2.9.0-apache\library\debug.c">
      <Filter>Source Files</Filter>
    </ClCompile>
    <ClCompile Include="src\mbedtls-2.9.0-apache\library\des.c">
      <Filter>Source Files</Filter>
    </ClCompile>
    <ClCompile Include="src\mbedtls-2.9.0-apache\library\dhm.c">
      <Filter>Source Files</Filter>
    </ClCompile>
    <ClCompile Include="src\mbedtls-2.9.0-apache\library\ecdh.c">
      <Filter>Source Files</Filter>
    </ClCompile>
    <ClCompile Include="src\mbedtls-2.9.0-apache\library\ecdsa.c">
      <Filter>Source Files</Filter>
    </ClCompile>
    <ClCompile Include="src\mbedtls-2.9.0-apache\library\ecjpake.c">
      <Filter>Source Files</Filter>
    </ClCompile>
    <ClCompile Include="src\mbedtls-2.9.0-apache\library\ecp.c">
      <Filter>Source Files</Filter>
    </ClCompile>
    <ClCompile Include="src\mbedtls-2.9.0-apache\library\ecp_curves.c">
      <Filter>Source Files</Filter>
    </ClCompile>
    <ClCompile Include="src\mbedtls-2.9.0-apache\library\entropy.c">
      <Filter>Source Files</Filter>
    </ClCompile>
    <ClCompile Include="src\mbedtls-2.9.0-apache\library\entropy_poll.c">
      <Filter>Source Files</Filter>
    </ClCompile>
    <ClCompile Include="src\mbedtls-2.9.0-apache\library\error.c">
      <Filter>Source Files</Filter>
    </ClCompile>
    <ClCompile Include="src\mbedtls-2.9.0-apache\library\gcm.c">
      <Filter>Source Files</Filter>
    </ClCompile>
    <ClCompile Include="src\mbedtls-2.9.0-apache\library\havege.c">
      <Filter>Source Files</Filter>
    </ClCompile>
    <ClCompile Include="src\mbedtls-2.9.0-apache\library\hmac_drbg.c">
      <Filter>Source Files</Filter>
    </ClCompile>
    <ClCompile Include="src\mbedtls-2.9.0-apache\library\md.c">
      <Filter>Source Files</Filter>
    </ClCompile>
    <ClCompile Include="src\mbedtls-2.9.0-apache\library\md_wrap.c">
      <Filter>Source Files</Filter>
    </ClCompile>
    <ClCompile Include="src\mbedtls-2.9.0-apache\library\md2.c">
      <Filter>Source Files</Filter>
    </ClCompile>
    <ClCompile Include="src\mbedtls-2.9.0-apache\library\md4.c">
      <Filter>Source Files</Filter>
    </ClCompile>
    <ClCompile Include="src\mbedtls-2.9.0-apache\library\md5.c">
      <Filter>Source Files</Filter>
    </ClCompile>
    <ClCompile Include="src\mbedtls-2.9.0-apache\library\memory_buffer_alloc.c">
      <Filter>Source Files</Filter>
    </ClCompile>
    <ClCompile Include="src\mbedtls-2.9.0-apache\library\net_sockets.c">
      <Filter>Source Files</Filter>
    </ClCompile>
    <ClCompile Include="src\mbedtls-2.9.0-apache\library\oid.c">
      <Filter>Source Files</Filter>
    </ClCompile>
    <ClCompile Include="src\mbedtls-2.9.0-apache\library\padlock.c">
      <Filter>Source Files</Filter>
    </ClCompile>
    <ClCompile Include="src\mbedtls-2.9.0-apache\library\pem.c">
      <Filter>Source Files</Filter>
    </ClCompile>
    <ClCompile Include="src\mbedtls-2.9.0-apache\library\pk.c">
      <Filter>Source Files</Filter>
    </ClCompile>
    <ClCompile Include="src\mbedtls-2.9.0-apache\library\pk_wrap.c">
      <Filter>Source Files</Filter>
    </ClCompile>
    <ClCompile Include="src\mbedtls-2.9.0-apache\library\pkcs5.c">
      <Filter>Source Files</Filter>
    </ClCompile>
    <ClCompile Include="src\mbedtls-2.9.0-apache\library\pkcs11.c">
      <Filter>Source Files</Filter>
    </ClCompile>
    <ClCompile Include="src\mbedtls-2.9.0-apache\library\pkcs12.c">
      <Filter>Source Files</Filter>
    </ClCompile>
    <ClCompile Include="src\mbedtls-2.9.0-apache\library\pkparse.c">
      <Filter>Source Files</Filter>
    </ClCompile>
    <ClCompile Include="src\mbedtls-2.9.0-apache\library\pkwrite.c">
      <Filter>Source Files</Filter>
    </ClCompile>
    <ClCompile Include="src\mbedtls-2.9.0-apache\library\platform.c">
      <Filter>Source Files</Filter>
    </ClCompile>
    <ClCompile Include="src\mbedtls-2.9.0-apache\library\ripemd160.c">
      <Filter>Source Files</Filter>
    </ClCompile>
    <ClCompile Include="src\mbedtls-2.9.0-apache\library\rsa.c">
      <Filter>Source Files</Filter>
    </ClCompile>
    <ClCompile Include="src\mbedtls-2.9.0-apache\library\rsa_internal.c">
      <Filter>Source Files</Filter>
    </ClCompile>
    <ClCompile Include="src\mbedtls-2.9.0-apache\library\sha1.c">
      <Filter>Source Files</Filter>
    </ClCompile>
    <ClCompile Include="src\mbedtls-2.9.0-apache\library\sha256.c">
      <Filter>Source Files</Filter>
    </ClCompile>
    <ClCompile Include="src\mbedtls-2.9.0-apache\library\sha512.c">
      <Filter>Source Files</Filter>
    </ClCompile>
    <ClCompile Include="src\mbedtls-2.9.0-apache\library\ssl_cache.c">
      <Filter>Source Files</Filter>
    </ClCompile>
    <ClCompile Include="src\mbedtls-2.9.0-apache\library\ssl_ciphersuites.c">
      <Filter>Source Files</Filter>
    </ClCompile>
    <ClCompile Include="src\mbedtls-2.9.0-apache\library\ssl_cli.c">
      <Filter>Source Files</Filter>
    </ClCompile>
    <ClCompile Include="src\mbedtls-2.9.0-apache\library\ssl_cookie.c">
      <Filter>Source Files</Filter>
    </ClCompile>
    <ClCompile Include="src\mbedtls-2.9.0-apache\library\ssl_srv.c">
      <Filter>Source Files</Filter>
    </ClCompile>
    <ClCompile Include="src\mbedtls-2.9.0-apache\library\ssl_ticket.c">
      <Filter>Source Files</Filter>
    </ClCompile>
    <ClCompile Include="src\mbedtls-2.9.0-apache\library\ssl_tls.c">
      <Filter>Source Files</Filter>
    </ClCompile>
    <ClCompile Include="src\mbedtls-2.9.0-apache\library\threading.c">
      <Filter>Source Files</Filter>
    </ClCompile>
    <ClCompile Include="src\mbedtls-2.9.0-apache\library\timing.c">
      <Filter>Source Files</Filter>
    </ClCompile>
    <ClCompile Include="src\mbedtls-2.9.0-apache\library\version.c">
      <Filter>Source Files</Filter>
    </ClCompile>
    <ClCompile Include="src\mbedtls-2.9.0-apache\library\version_features.c">
      <Filter>Source Files</Filter>
    </ClCompile>
    <ClCompile Include="src\mbedtls-2.9.0-apache\library\x509.c">
      <Filter>Source Files</Filter>
    </ClCompile>
    <ClCompile Include="src\mbedtls-2.9.0-apache\library\x509_create.c">
      <Filter>Source Files</Filter>
    </ClCompile>
    <ClCompile Include="src\mbedtls-2.9.0-apache\library\x509_crl.c">
      <Filter>Source Files</Filter>
    </ClCompile>
    <ClCompile Include="src\mbedtls-2.9.0-apache\library\x509_crt.c">
      <Filter>Source Files</Filter>
    </ClCompile>
    <ClCompile Include="src\mbedtls-2.9.0-apache\library\x509_csr.c">
      <Filter>Source Files</Filter>
    </ClCompile>
    <ClCompile Include="src\mbedtls-2.9.0-apache\library\x509write_crt.c">
      <Filter>Source Files</Filter>
    </ClCompile>
    <ClCompile Include="src\mbedtls-2.9.0-apache\library\x509write_csr.c">
      <Filter>Source Files</Filter>
    </ClCompile>
    <ClCompile Include="src\mbedtls-2.9.0-apache\library\xtea.c">
      <Filter>Source Files</Filter>
    </ClCompile>
    <ClCompile Include="src\tlshelper.cpp">
      <Filter>Source Files</Filter>
    </ClCompile>
    <ClCompile Include="src\tlsproxy.cpp">
      <Filter>Source Files</Filter>
    </ClCompile>
    <ClCompile Include="src\unittest.cpp">
      <Filter>Source Files</Filter>
    </ClCompile>
    <ClCompile Include="src\demohttps.cpp">
      <Filter>Source Files</Filter>
    </ClCompile>
  </ItemGroup>
  <ItemGroup>
    <None Include="libmbedtls.def">
      <Filter>Source Files</Filter>
    </None>
    <None Include="res\libmbedtls.rc2">
      <Filter>Resource Files</Filter>
    </None>
  </ItemGroup>
  <ItemGroup>
    <ClInclude Include="stdafx.h">
      <Filter>Header Files</Filter>
    </ClInclude>
    <ClInclude Include="targetver.h">
      <Filter>Header Files</Filter>
    </ClInclude>
    <ClInclude Include="Resource.h">
      <Filter>Header Files</Filter>
    </ClInclude>
    <ClInclude Include="libmbedtls.h">
      <Filter>Header Files</Filter>
    </ClInclude>
    <ClInclude Include="src\mbedtls-2.9.0-apache\include\mbedtls\aes.h">
      <Filter>Header Files</Filter>
    </ClInclude>
    <ClInclude Include="src\mbedtls-2.9.0-apache\include\mbedtls\aesni.h">
      <Filter>Header Files</Filter>
    </ClInclude>
    <ClInclude Include="src\mbedtls-2.9.0-apache\include\mbedtls\arc4.h">
      <Filter>Header Files</Filter>
    </ClInclude>
    <ClInclude Include="src\mbedtls-2.9.0-apache\include\mbedtls\asn1.h">
      <Filter>Header Files</Filter>
    </ClInclude>
    <ClInclude Include="src\mbedtls-2.9.0-apache\include\mbedtls\asn1write.h">
      <Filter>Header Files</Filter>
    </ClInclude>
    <ClInclude Include="src\mbedtls-2.9.0-apache\include\mbedtls\base64.h">
      <Filter>Header Files</Filter>
    </ClInclude>
    <ClInclude Include="src\mbedtls-2.9.0-apache\include\mbedtls\bignum.h">
      <Filter>Header Files</Filter>
    </ClInclude>
    <ClInclude Include="src\mbedtls-2.9.0-apache\include\mbedtls\blowfish.h">
      <Filter>Header Files</Filter>
    </ClInclude>
    <ClInclude Include="src\mbedtls-2.9.0-apache\include\mbedtls\bn_mul.h">
      <Filter>Header Files</Filter>
    </ClInclude>
    <ClInclude Include="src\mbedtls-2.9.0-apache\include\mbedtls\camellia.h">
      <Filter>Header Files</Filter>
    </ClInclude>
    <ClInclude Include="src\mbedtls-2.9.0-apache\include\mbedtls\ccm.h">
      <Filter>Header Files</Filter>
    </ClInclude>
    <ClInclude Include="src\mbedtls-2.9.0-apache\include\mbedtls\certs.h">
      <Filter>Header Files</Filter>
    </ClInclude>
    <ClInclude Include="src\mbedtls-2.9.0-apache\include\mbedtls\check_config.h">
      <Filter>Header Files</Filter>
    </ClInclude>
    <ClInclude Include="src\mbedtls-2.9.0-apache\include\mbedtls\cipher.h">
      <Filter>Header Files</Filter>
    </ClInclude>
    <ClInclude Include="src\mbedtls-2.9.0-apache\include\mbedtls\cipher_internal.h">
      <Filter>Header Files</Filter>
    </ClInclude>
    <ClInclude Include="src\mbedtls-2.9.0-apache\include\mbedtls\cmac.h">
      <Filter>Header Files</Filter>
    </ClInclude>
    <ClInclude Include="src\mbedtls-2.9.0-apache\include\mbedtls\compat-1.3.h">
      <Filter>Header Files</Filter>
    </ClInclude>
    <ClInclude Include="src\mbedtls-2.9.0-apache\include\mbedtls\config.h">
      <Filter>Header Files</Filter>
    </ClInclude>
    <ClInclude Include="src\mbedtls-2.9.0-apache\include\mbedtls\ctr_drbg.h">
      <Filter>Header Files</Filter>
    </ClInclude>
    <ClInclude Include="src\mbedtls-2.9.0-apache\include\mbedtls\debug.h">
      <Filter>Header Files</Filter>
    </ClInclude>
    <ClInclude Include="src\mbedtls-2.9.0-apache\include\mbedtls\des.h">
      <Filter>Header Files</Filter>
    </ClInclude>
    <ClInclude Include="src\mbedtls-2.9.0-apache\include\mbedtls\dhm.h">
      <Filter>Header Files</Filter>
    </ClInclude>
    <ClInclude Include="src\mbedtls-2.9.0-apache\include\mbedtls\ecdh.h">
      <Filter>Header Files</Filter>
    </ClInclude>
    <ClInclude Include="src\mbedtls-2.9.0-apache\include\mbedtls\ecdsa.h">
      <Filter>Header Files</Filter>
    </ClInclude>
    <ClInclude Include="src\mbedtls-2.9.0-apache\include\mbedtls\ecjpake.h">
      <Filter>Header Files</Filter>
    </ClInclude>
    <ClInclude Include="src\mbedtls-2.9.0-apache\include\mbedtls\ecp.h">
      <Filter>Header Files</Filter>
    </ClInclude>
    <ClInclude Include="src\mbedtls-2.9.0-apache\include\mbedtls\ecp_internal.h">
      <Filter>Header Files</Filter>
    </ClInclude>
    <ClInclude Include="src\mbedtls-2.9.0-apache\include\mbedtls\entropy.h">
      <Filter>Header Files</Filter>
    </ClInclude>
    <ClInclude Include="src\mbedtls-2.9.0-apache\include\mbedtls\entropy_poll.h">
      <Filter>Header Files</Filter>
    </ClInclude>
    <ClInclude Include="src\mbedtls-2.9.0-apache\include\mbedtls\error.h">
      <Filter>Header Files</Filter>
    </ClInclude>
    <ClInclude Include="src\mbedtls-2.9.0-apache\include\mbedtls\gcm.h">
      <Filter>Header Files</Filter>
    </ClInclude>
    <ClInclude Include="src\mbedtls-2.9.0-apache\include\mbedtls\havege.h">
      <Filter>Header Files</Filter>
    </ClInclude>
    <ClInclude Include="src\mbedtls-2.9.0-apache\include\mbedtls\hmac_drbg.h">
      <Filter>Header Files</Filter>
    </ClInclude>
    <ClInclude Include="src\mbedtls-2.9.0-apache\include\mbedtls\md.h">
      <Filter>Header Files</Filter>
    </ClInclude>
    <ClInclude Include="src\mbedtls-2.9.0-apache\include\mbedtls\md_internal.h">
      <Filter>Header Files</Filter>
    </ClInclude>
    <ClInclude Include="src\mbedtls-2.9.0-apache\include\mbedtls\md2.h">
      <Filter>Header Files</Filter>
    </ClInclude>
    <ClInclude Include="src\mbedtls-2.9.0-apache\include\mbedtls\md4.h">
      <Filter>Header Files</Filter>
    </ClInclude>
    <ClInclude Include="src\mbedtls-2.9.0-apache\include\mbedtls\md5.h">
      <Filter>Header Files</Filter>
    </ClInclude>
    <ClInclude Include="src\mbedtls-2.9.0-apache\include\mbedtls\memory_buffer_alloc.h">
      <Filter>Header Files</Filter>
    </ClInclude>
    <ClInclude Include="src\mbedtls-2.9.0-apache\include\mbedtls\net.h">
      <Filter>Header Files</Filter>
    </ClInclude>
    <ClInclude Include="src\mbedtls-2.9.0-apache\include\mbedtls\net_sockets.h">
      <Filter>Header Files</Filter>
    </ClInclude>
    <ClInclude Include="src\mbedtls-2.9.0-apache\include\mbedtls\oid.h">
      <Filter>Header Files</Filter>
    </ClInclude>
    <ClInclude Include="src\mbedtls-2.9.0-apache\include\mbedtls\padlock.h">
      <Filter>Header Files</Filter>
    </ClInclude>
    <ClInclude Include="src\mbedtls-2.9.0-apache\include\mbedtls\pem.h">
      <Filter>Header Files</Filter>
    </ClInclude>
    <ClInclude Include="src\mbedtls-2.9.0-apache\include\mbedtls\pk.h">
      <Filter>Header Files</Filter>
    </ClInclude>
    <ClInclude Include="src\mbedtls-2.9.0-apache\include\mbedtls\pk_internal.h">
      <Filter>Header Files</Filter>
    </ClInclude>
    <ClInclude Include="src\mbedtls-2.9.0-apache\include\mbedtls\pkcs5.h">
      <Filter>Header Files</Filter>
    </ClInclude>
    <ClInclude Include="src\mbedtls-2.9.0-apache\include\mbedtls\pkcs11.h">
      <Filter>Header Files</Filter>
    </ClInclude>
    <ClInclude Include="src\mbedtls-2.9.0-apache\include\mbedtls\pkcs12.h">
      <Filter>Header Files</Filter>
    </ClInclude>
    <ClInclude Include="src\mbedtls-2.9.0-apache\include\mbedtls\platform.h">
      <Filter>Header Files</Filter>
    </ClInclude>
    <ClInclude Include="src\mbedtls-2.9.0-apache\include\mbedtls\platform_time.h">
      <Filter>Header Files</Filter>
    </ClInclude>
    <ClInclude Include="src\mbedtls-2.9.0-apache\include\mbedtls\ripemd160.h">
      <Filter>Header Files</Filter>
    </ClInclude>
    <ClInclude Include="src\mbedtls-2.9.0-apache\include\mbedtls\rsa.h">
      <Filter>Header Files</Filter>
    </ClInclude>
    <ClInclude Include="src\mbedtls-2.9.0-apache\include\mbedtls\rsa_internal.h">
      <Filter>Header Files</Filter>
    </ClInclude>
    <ClInclude Include="src\mbedtls-2.9.0-apache\include\mbedtls\sha1.h">
      <Filter>Header Files</Filter>
    </ClInclude>
    <ClInclude Include="src\mbedtls-2.9.0-apache\include\mbedtls\sha256.h">
      <Filter>Header Files</Filter>
    </ClInclude>
    <ClInclude Include="src\mbedtls-2.9.0-apache\include\mbedtls\sha512.h">
      <Filter>Header Files</Filter>
    </ClInclude>
    <ClInclude Include="src\mbedtls-2.9.0-apache\include\mbedtls\ssl.h">
      <Filter>Header Files</Filter>
    </ClInclude>
    <ClInclude Include="src\mbedtls-2.9.0-apache\include\mbedtls\ssl_cache.h">
      <Filter>Header Files</Filter>
    </ClInclude>
    <ClInclude Include="src\mbedtls-2.9.0-apache\include\mbedtls\ssl_ciphersuites.h">
      <Filter>Header Files</Filter>
    </ClInclude>
    <ClInclude Include="src\mbedtls-2.9.0-apache\include\mbedtls\ssl_cookie.h">
      <Filter>Header Files</Filter>
    </ClInclude>
    <ClInclude Include="src\mbedtls-2.9.0-apache\include\mbedtls\ssl_internal.h">
      <Filter>Header Files</Filter>
    </ClInclude>
    <ClInclude Include="src\mbedtls-2.9.0-apache\include\mbedtls\ssl_ticket.h">
      <Filter>Header Files</Filter>
    </ClInclude>
    <ClInclude Include="src\mbedtls-2.9.0-apache\include\mbedtls\threading.h">
      <Filter>Header Files</Filter>
    </ClInclude>
    <ClInclude Include="src\mbedtls-2.9.0-apache\include\mbedtls\timing.h">
      <Filter>Header Files</Filter>
    </ClInclude>
    <ClInclude Include="src\mbedtls-2.9.0-apache\include\mbedtls\version.h">
      <Filter>Header Files</Filter>
    </ClInclude>
    <ClInclude Include="src\mbedtls-2.9.0-apache\include\mbedtls\x509.h">
      <Filter>Header Files</Filter>
    </ClInclude>
    <ClInclude Include="src\mbedtls-2.9.0-apache\include\mbedtls\x509_crl.h">
      <Filter>Header Files</Filter>
    </ClInclude>
    <ClInclude Include="src\mbedtls-2.9.0-apache\include\mbedtls\x509_crt.h">
      <Filter>Header Files</Filter>
    </ClInclude>
    <ClInclude Include="src\mbedtls-2.9.0-apache\include\mbedtls\x509_csr.h">
      <Filter>Header Files</Filter>
    </ClInclude>
    <ClInclude Include="src\mbedtls-2.9.0-apache\include\mbedtls\xtea.h">
      <Filter>Header Files</Filter>
    </ClInclude>
    <ClInclude Include="src\tlshelper.h">
      <Filter>Header Files</Filter>
    </ClInclude>
    <ClInclude Include="src\tlsproxy.h">
      <Filter>Header Files</Filter>
    </ClInclude>
    <ClInclude Include="src\unittest.h">
      <Filter>Header Files</Filter>
    </ClInclude>
    <ClInclude Include="src\demohttps.h">
      <Filter>Header Files</Filter>
    </ClInclude>
    <ClInclude Include="src\openssl\openssl\base.h">
      <Filter>Header Files</Filter>
    </ClInclude>
  </ItemGroup>
  <ItemGroup>
    <ResourceCompile Include="libmbedtls.rc">
      <Filter>Resource Files</Filter>
    </ResourceCompile>
  </ItemGroup>
</Project>