
Microsoft Visual Studio Solution File, Format Version 12.00
# Visual Studio Version 16
VisualStudioVersion = 16.0.29728.190
MinimumVisualStudioVersion = 10.0.40219.1
Project("{FAE04EC0-301F-11D3-BF4B-00C04F79EFBC}") = "OpenFileGotoLine", "OpenFileGotoLine.csproj", "{9C787644-E770-462C-9121-9FEF70DA1DA5}"
EndProject
Global
	GlobalSection(SolutionConfigurationPlatforms) = preSolution
		Debug|Any CPU = Debug|Any CPU
		Release|Any CPU = Release|Any CPU
	EndGlobalSection
	GlobalSection(ProjectConfigurationPlatforms) = postSolution
		{9C787644-E770-462C-9121-9FEF70DA1DA5}.Debug|Any CPU.ActiveCfg = Debug|Any CPU
		{9C787644-E770-462C-9121-9FEF70DA1DA5}.Debug|Any CPU.Build.0 = Debug|Any CPU
		{9C787644-E770-462C-9121-9FEF70DA1DA5}.Release|Any CPU.ActiveCfg = Release|Any CPU
		{9C787644-E770-462C-9121-9FEF70DA1DA5}.Release|Any CPU.Build.0 = Release|Any CPU
	EndGlobalSection
	GlobalSection(SolutionProperties) = preSolution
		HideSolutionNode = FALSE
	EndGlobalSection
	GlobalSection(ExtensibilityGlobals) = postSolution
		SolutionGuid = {97639066-978C-4C9F-B893-7D8C1AFC3CE9}
	EndGlobalSection
EndGlobal
