<?xml version="1.0" encoding="utf-8"?>
<Project ToolsVersion="4.0" xmlns="http://schemas.microsoft.com/developer/msbuild/2003">
  <ItemGroup>
    <Filter Include="Source Files">
      <UniqueIdentifier>{4FC737F1-C7A5-4376-A066-2A32D752A2FF}</UniqueIdentifier>
      <Extensions>cpp;c;cc;cxx;def;odl;idl;hpj;bat;asm;asmx</Extensions>
    </Filter>
    <Filter Include="Header Files">
      <UniqueIdentifier>{93995380-89BD-4b04-88EB-625FBE52EBFB}</UniqueIdentifier>
      <Extensions>h;hpp;hxx;hm;inl;inc;xsd</Extensions>
    </Filter>
    <Filter Include="Resource Files">
      <UniqueIdentifier>{67DA6AB6-F800-4c08-8B7A-83BB121AAD01}</UniqueIdentifier>
      <Extensions>rc;ico;cur;bmp;dlg;rc2;rct;bin;rgs;gif;jpg;jpeg;jpe;resx;tiff;tif;png;wav</Extensions>
    </Filter>
  </ItemGroup>
  <ItemGroup>
    <ClCompile Include="wolfcrypt\src\aes.c">
      <Filter>Source Files</Filter>
    </ClCompile>
    <ClCompile Include="wolfcrypt\src\arc4.c">
      <Filter>Source Files</Filter>
    </ClCompile>
    <ClCompile Include="wolfcrypt\src\asn.c">
      <Filter>Source Files</Filter>
    </ClCompile>
    <ClCompile Include="wolfcrypt\src\blake2b.c">
      <Filter>Source Files</Filter>
    </ClCompile>
    <ClCompile Include="wolfcrypt\src\camellia.c">
      <Filter>Source Files</Filter>
    </ClCompile>
    <ClCompile Include="wolfcrypt\src\coding.c">
      <Filter>Source Files</Filter>
    </ClCompile>
    <ClCompile Include="wolfcrypt\src\chacha.c">
      <Filter>Source Files</Filter>
    </ClCompile>
    <ClCompile Include="wolfcrypt\src\chacha20_poly1305.c">
      <Filter>Source Files</Filter>
    </ClCompile>
    <ClCompile Include="src\crl.c">
      <Filter>Source Files</Filter>
    </ClCompile>
    <ClCompile Include="wolfcrypt\src\des3.c">
      <Filter>Source Files</Filter>
    </ClCompile>
    <ClCompile Include="wolfcrypt\src\dh.c">
      <Filter>Source Files</Filter>
    </ClCompile>
    <ClCompile Include="wolfcrypt\src\dsa.c">
      <Filter>Source Files</Filter>
    </ClCompile>
    <ClCompile Include="wolfcrypt\src\ecc.c">
      <Filter>Source Files</Filter>
    </ClCompile>
    <ClCompile Include="wolfcrypt\src\error.c">
      <Filter>Source Files</Filter>
    </ClCompile>
    <ClCompile Include="wolfcrypt\src\hash.c">
      <Filter>Source Files</Filter>
    </ClCompile>
    <ClCompile Include="wolfcrypt\src\hc128.c">
      <Filter>Source Files</Filter>
    </ClCompile>
    <ClCompile Include="wolfcrypt\src\hmac.c">
      <Filter>Source Files</Filter>
    </ClCompile>
    <ClCompile Include="wolfcrypt\src\integer.c">
      <Filter>Source Files</Filter>
    </ClCompile>
    <ClCompile Include="src\internal.c">
      <Filter>Source Files</Filter>
    </ClCompile>
    <ClCompile Include="src\wolfio.c">
      <Filter>Source Files</Filter>
    </ClCompile>
    <ClCompile Include="src\keys.c">
      <Filter>Source Files</Filter>
    </ClCompile>
    <ClCompile Include="wolfcrypt\src\logging.c">
      <Filter>Source Files</Filter>
    </ClCompile>
    <ClCompile Include="wolfcrypt\src\md4.c">
      <Filter>Source Files</Filter>
    </ClCompile>
    <ClCompile Include="wolfcrypt\src\md5.c">
      <Filter>Source Files</Filter>
    </ClCompile>
    <ClCompile Include="wolfcrypt\src\memory.c">
      <Filter>Source Files</Filter>
    </ClCompile>
    <ClCompile Include="src\ocsp.c">
      <Filter>Source Files</Filter>
    </ClCompile>
    <ClCompile Include="wolfcrypt\src\pkcs7.c">
      <Filter>Source Files</Filter>
    </ClCompile>
    <ClCompile Include="wolfcrypt\src\pkcs12.c">
      <Filter>Source Files</Filter>
    </ClCompile>
    <ClCompile Include="wolfcrypt\src\poly1305.c">
      <Filter>Source Files</Filter>
    </ClCompile>
    <ClCompile Include="wolfcrypt\src\wc_port.c">
      <Filter>Source Files</Filter>
    </ClCompile>
    <ClCompile Include="wolfcrypt\src\wolfmath.c">
      <Filter>Source Files</Filter>
    </ClCompile>
    <ClCompile Include="wolfcrypt\src\pwdbased.c">
      <Filter>Source Files</Filter>
    </ClCompile>
    <ClCompile Include="wolfcrypt\src\rabbit.c">
      <Filter>Source Files</Filter>
    </ClCompile>
    <ClCompile Include="wolfcrypt\src\random.c">
      <Filter>Source Files</Filter>
    </ClCompile>
    <ClCompile Include="wolfcrypt\src\ripemd.c">
      <Filter>Source Files</Filter>
    </ClCompile>
    <ClCompile Include="wolfcrypt\src\rsa.c">
      <Filter>Source Files</Filter>
    </ClCompile>
    <ClCompile Include="wolfcrypt\src\sha.c">
      <Filter>Source Files</Filter>
    </ClCompile>
    <ClCompile Include="wolfcrypt\src\sha256.c">
      <Filter>Source Files</Filter>
    </ClCompile>
    <ClCompile Include="wolfcrypt\src\sha512.c">
      <Filter>Source Files</Filter>
    </ClCompile>
    <ClCompile Include="wolfcrypt\src\signature.c">
      <Filter>Source Files</Filter>
    </ClCompile>
    <ClCompile Include="src\ssl.c">
      <Filter>Source Files</Filter>
    </ClCompile>
    <ClCompile Include="src\tls.c">
      <Filter>Source Files</Filter>
    </ClCompile>
    <ClCompile Include="src\tls13.c">
      <Filter>Source Files</Filter>
    </ClCompile>
    <ClCompile Include="wolfcrypt\src\wc_encrypt.c">
      <Filter>Source Files</Filter>
    </ClCompile>
    <ClCompile Include="wolfcrypt\src\wolfevent.c">
      <Filter>Source Files</Filter>
    </ClCompile>
  </ItemGroup>
  <ItemGroup>
    <ClInclude Include="IDE\WIN\user_settings.h">
      <Filter>Header Files</Filter>
    </ClInclude>
  </ItemGroup>
</Project>