<?xml version="1.0" encoding="utf-8"?>
<Project ToolsVersion="4.0" xmlns="http://schemas.microsoft.com/developer/msbuild/2003">
  <ItemGroup>
    <Filter Include="Source Files">
      <UniqueIdentifier>{4FC737F1-C7A5-4376-A066-2A32D752A2FF}</UniqueIdentifier>
      <Extensions>cpp;c;cc;cxx;def;odl;idl;hpj;bat;asm;asmx</Extensions>
    </Filter>
    <Filter Include="Header Files">
      <UniqueIdentifier>{93995380-89BD-4b04-88EB-625FBE52EBFB}</UniqueIdentifier>
      <Extensions>h;hh;hpp;hxx;hm;inl;inc;xsd</Extensions>
    </Filter>
    <Filter Include="Resource Files">
      <UniqueIdentifier>{67DA6AB6-F800-4c08-8B7A-83BB121AAD01}</UniqueIdentifier>
      <Extensions>rc;ico;cur;bmp;dlg;rc2;rct;bin;rgs;gif;jpg;jpeg;jpe;resx;tiff;tif;png;wav;mfcribbon-ms</Extensions>
    </Filter>
  </ItemGroup>
  <ItemGroup>
    <ClCompile Include="libhttp.cpp">
      <Filter>Source Files</Filter>
    </ClCompile>
    <ClCompile Include="stdafx.cpp">
      <Filter>Source Files</Filter>
    </ClCompile>
    <ClCompile Include="src\ajax_listajaxcommand.cpp">
      <Filter>Source Files</Filter>
    </ClCompile>
    <ClCompile Include="src\ajax_proc.cpp">
      <Filter>Source Files</Filter>
    </ClCompile>
    <ClCompile Include="src\ajaxcommandhandler.cpp">
      <Filter>Source Files</Filter>
    </ClCompile>
    <ClCompile Include="src\ajaxhandler.cpp">
      <Filter>Source Files</Filter>
    </ClCompile>
    <ClCompile Include="src\httpackheader.cpp">
      <Filter>Source Files</Filter>
    </ClCompile>
    <ClCompile Include="src\httpackparser.cpp">
      <Filter>Source Files</Filter>
    </ClCompile>
    <ClCompile Include="src\httpformfield.cpp">
      <Filter>Source Files</Filter>
    </ClCompile>
    <ClCompile Include="src\httpformfield_file.cpp">
      <Filter>Source Files</Filter>
    </ClCompile>
    <ClCompile Include="src\httphandler.cpp">
      <Filter>Source Files</Filter>
    </ClCompile>
    <ClCompile Include="src\httpheader.cpp">
      <Filter>Source Files</Filter>
    </ClCompile>
    <ClCompile Include="src\httppostcommandhandler.cpp">
      <Filter>Source Files</Filter>
    </ClCompile>
    <ClCompile Include="src\httpposthandler.cpp">
      <Filter>Source Files</Filter>
    </ClCompile>
    <ClCompile Include="src\httppostparser.cpp">
      <Filter>Source Files</Filter>
    </ClCompile>
    <ClCompile Include="src\httprequest.cpp">
      <Filter>Source Files</Filter>
    </ClCompile>
    <ClCompile Include="src\httprequesthandler.cpp">
      <Filter>Source Files</Filter>
    </ClCompile>
    <ClCompile Include="src\httprequesthandler_ajax.cpp">
      <Filter>Source Files</Filter>
    </ClCompile>
    <ClCompile Include="src\httprequesthandler_cgi.cpp">
      <Filter>Source Files</Filter>
    </ClCompile>
    <ClCompile Include="src\httprequesthandler_file.cpp">
      <Filter>Source Files</Filter>
    </ClCompile>
    <ClCompile Include="src\httpserver.cpp">
      <Filter>Source Files</Filter>
    </ClCompile>
    <ClCompile Include="src\httptool.cpp">
      <Filter>Source Files</Filter>
    </ClCompile>
    <ClCompile Include="src\posthandler_uploadpicture.cpp">
      <Filter>Source Files</Filter>
    </ClCompile>
    <ClCompile Include="src\posthandler_uploadvideo.cpp">
      <Filter>Source Files</Filter>
    </ClCompile>
    <ClCompile Include="src\procmanager.cpp">
      <Filter>Source Files</Filter>
    </ClCompile>
    <ClCompile Include="src\tests\http_unittest.cpp">
      <Filter>Source Files</Filter>
    </ClCompile>
    <ClCompile Include="src\userinfo.cpp">
      <Filter>Source Files</Filter>
    </ClCompile>
    <ClCompile Include="src\userman.cpp">
      <Filter>Source Files</Filter>
    </ClCompile>
    <ClCompile Include="src\ajax_tree.cpp">
      <Filter>Source Files</Filter>
    </ClCompile>
    <ClCompile Include="src\ajax_exit.cpp">
      <Filter>Source Files</Filter>
    </ClCompile>
    <ClCompile Include="src\httpget.cpp">
      <Filter>Source Files</Filter>
    </ClCompile>
    <ClCompile Include="src\websockethandler.cpp">
      <Filter>Source Files</Filter>
    </ClCompile>
    <ClCompile Include="src\websocketsplitter.cpp">
      <Filter>Source Files</Filter>
    </ClCompile>
    <ClCompile Include="src\wshandler.cpp">
      <Filter>Source Files</Filter>
    </ClCompile>
    <ClCompile Include="src\textparser.cpp">
      <Filter>Source Files</Filter>
    </ClCompile>
    <ClCompile Include="src\httprequesthandler_json.cpp">
      <Filter>Source Files</Filter>
    </ClCompile>
    <ClCompile Include="src\jsonhandler.cpp">
      <Filter>Source Files</Filter>
    </ClCompile>
    <ClCompile Include="src\httppost.cpp">
      <Filter>Source Files</Filter>
    </ClCompile>
    <ClCompile Include="src\mime.cpp">
      <Filter>Source Files</Filter>
    </ClCompile>
    <ClCompile Include="src\httpchunkparser.cpp">
      <Filter>Source Files</Filter>
    </ClCompile>
    <ClCompile Include="src\httpacker.cpp">
      <Filter>Source Files</Filter>
    </ClCompile>
    <ClCompile Include="src\postjsonmanager.cpp">
      <Filter>Source Files</Filter>
    </ClCompile>
    <ClCompile Include="src\FileUploadManager.cpp">
      <Filter>Source Files</Filter>
    </ClCompile>
  </ItemGroup>
  <ItemGroup>
    <ClInclude Include="libhttp.h">
      <Filter>Header Files</Filter>
    </ClInclude>
    <ClInclude Include="stdafx.h">
      <Filter>Header Files</Filter>
    </ClInclude>
    <ClInclude Include="targetver.h">
      <Filter>Header Files</Filter>
    </ClInclude>
    <ClInclude Include="Resource.h">
      <Filter>Header Files</Filter>
    </ClInclude>
    <ClInclude Include="..\..\include\libhttp\ajaxcommandhandler.h">
      <Filter>Header Files</Filter>
    </ClInclude>
    <ClInclude Include="..\..\include\libhttp\httpackheader.h">
      <Filter>Header Files</Filter>
    </ClInclude>
    <ClInclude Include="..\..\include\libhttp\httpackparser.h">
      <Filter>Header Files</Filter>
    </ClInclude>
    <ClInclude Include="..\..\include\libhttp\httpconfig.h">
      <Filter>Header Files</Filter>
    </ClInclude>
    <ClInclude Include="..\..\include\libhttp\httpformfield.h">
      <Filter>Header Files</Filter>
    </ClInclude>
    <ClInclude Include="..\..\include\libhttp\httpformfield_file.h">
      <Filter>Header Files</Filter>
    </ClInclude>
    <ClInclude Include="..\..\include\libhttp\httpheader.h">
      <Filter>Header Files</Filter>
    </ClInclude>
    <ClInclude Include="..\..\include\libhttp\httpheaderinfo.h">
      <Filter>Header Files</Filter>
    </ClInclude>
    <ClInclude Include="..\..\include\libhttp\httppostcommandhandler.h">
      <Filter>Header Files</Filter>
    </ClInclude>
    <ClInclude Include="..\..\include\libhttp\httpposthandler.h">
      <Filter>Header Files</Filter>
    </ClInclude>
    <ClInclude Include="..\..\include\libhttp\httppostparser.h">
      <Filter>Header Files</Filter>
    </ClInclude>
    <ClInclude Include="..\..\include\libhttp\httprequest.h">
      <Filter>Header Files</Filter>
    </ClInclude>
    <ClInclude Include="..\..\include\libhttp\httprequesthandler.h">
      <Filter>Header Files</Filter>
    </ClInclude>
    <ClInclude Include="..\..\include\libhttp\httprequesthandler_ajax.h">
      <Filter>Header Files</Filter>
    </ClInclude>
    <ClInclude Include="..\..\include\libhttp\httprequesthandler_cgi.h">
      <Filter>Header Files</Filter>
    </ClInclude>
    <ClInclude Include="..\..\include\libhttp\httprequesthandler_file.h">
      <Filter>Header Files</Filter>
    </ClInclude>
    <ClInclude Include="..\..\include\libhttp\httptool.h">
      <Filter>Header Files</Filter>
    </ClInclude>
    <ClInclude Include="..\..\include\libhttp\posthandler_uploadpicture.h">
      <Filter>Header Files</Filter>
    </ClInclude>
    <ClInclude Include="..\..\include\libhttp\posthandler_uploadvideo.h">
      <Filter>Header Files</Filter>
    </ClInclude>
    <ClInclude Include="..\..\include\libhttp\ajaxhandler.h">
      <Filter>Header Files</Filter>
    </ClInclude>
    <ClInclude Include="..\..\include\libhttp\httphandler.h">
      <Filter>Header Files</Filter>
    </ClInclude>
    <ClInclude Include="..\..\include\libhttp\httpserver.h">
      <Filter>Header Files</Filter>
    </ClInclude>
    <ClInclude Include="..\..\include\libhttp\procmanager.h">
      <Filter>Header Files</Filter>
    </ClInclude>
    <ClInclude Include="..\..\src\libhttp\ajax_listajaxcommand.h">
      <Filter>Header Files</Filter>
    </ClInclude>
    <ClInclude Include="..\..\src\libhttp\ajax_proc.h">
      <Filter>Header Files</Filter>
    </ClInclude>
    <ClInclude Include="src\ajax_listajaxcommand.h">
      <Filter>Header Files</Filter>
    </ClInclude>
    <ClInclude Include="src\ajax_proc.h">
      <Filter>Header Files</Filter>
    </ClInclude>
    <ClInclude Include="src\ajax_tree.h">
      <Filter>Header Files</Filter>
    </ClInclude>
    <ClInclude Include="src\ajax_exit.h">
      <Filter>Header Files</Filter>
    </ClInclude>
    <ClInclude Include="..\..\include\libhttp\httpget.h">
      <Filter>Header Files</Filter>
    </ClInclude>
    <ClInclude Include="..\..\include\core\auth\authman.h">
      <Filter>Header Files</Filter>
    </ClInclude>
    <ClInclude Include="..\..\include\core\auth\userinfo.h">
      <Filter>Header Files</Filter>
    </ClInclude>
    <ClInclude Include="..\..\include\core\auth\userman.h">
      <Filter>Header Files</Filter>
    </ClInclude>
    <ClInclude Include="..\..\include\libhttp\websockethandler.h">
      <Filter>Header Files</Filter>
    </ClInclude>
    <ClInclude Include="..\..\include\libhttp\websocketsplitter.h">
      <Filter>Header Files</Filter>
    </ClInclude>
    <ClInclude Include="..\..\include\libhttp\wshandler.h">
      <Filter>Header Files</Filter>
    </ClInclude>
    <ClInclude Include="src\openssl\SSLBox.h">
      <Filter>Header Files</Filter>
    </ClInclude>
    <ClInclude Include="src\openssl\SSLUtil.h">
      <Filter>Header Files</Filter>
    </ClInclude>
    <ClInclude Include="src\zltoolkit\Util\base64.h">
      <Filter>Header Files</Filter>
    </ClInclude>
    <ClInclude Include="src\zltoolkit\Util\CMD.h">
      <Filter>Header Files</Filter>
    </ClInclude>
    <ClInclude Include="src\zltoolkit\Util\File.h">
      <Filter>Header Files</Filter>
    </ClInclude>
    <ClInclude Include="src\zltoolkit\Util\function_traits.h">
      <Filter>Header Files</Filter>
    </ClInclude>
    <ClInclude Include="src\zltoolkit\Util\List.h">
      <Filter>Header Files</Filter>
    </ClInclude>
    <ClInclude Include="src\zltoolkit\Util\logger.h">
      <Filter>Header Files</Filter>
    </ClInclude>
    <ClInclude Include="src\zltoolkit\Util\MD5.h">
      <Filter>Header Files</Filter>
    </ClInclude>
    <ClInclude Include="src\zltoolkit\Util\mini.h">
      <Filter>Header Files</Filter>
    </ClInclude>
    <ClInclude Include="src\zltoolkit\Util\NoticeCenter.h">
      <Filter>Header Files</Filter>
    </ClInclude>
    <ClInclude Include="src\zltoolkit\Util\onceToken.h">
      <Filter>Header Files</Filter>
    </ClInclude>
    <ClInclude Include="src\zltoolkit\Util\ResourcePool.h">
      <Filter>Header Files</Filter>
    </ClInclude>
    <ClInclude Include="src\zltoolkit\Util\RingBuffer.h">
      <Filter>Header Files</Filter>
    </ClInclude>
    <ClInclude Include="src\zltoolkit\Util\SHA1.h">
      <Filter>Header Files</Filter>
    </ClInclude>
    <ClInclude Include="src\zltoolkit\Util\SqlConnection.h">
      <Filter>Header Files</Filter>
    </ClInclude>
    <ClInclude Include="src\zltoolkit\Util\SqlPool.h">
      <Filter>Header Files</Filter>
    </ClInclude>
    <ClInclude Include="src\zltoolkit\Util\SSLBox.h">
      <Filter>Header Files</Filter>
    </ClInclude>
    <ClInclude Include="src\zltoolkit\Util\SSLUtil.h">
      <Filter>Header Files</Filter>
    </ClInclude>
    <ClInclude Include="src\zltoolkit\Util\TimeTicker.h">
      <Filter>Header Files</Filter>
    </ClInclude>
    <ClInclude Include="src\zltoolkit\Util\util.h">
      <Filter>Header Files</Filter>
    </ClInclude>
    <ClInclude Include="src\zltoolkit\Util\uv_errno.h">
      <Filter>Header Files</Filter>
    </ClInclude>
    <ClInclude Include="src\zltoolkit\Network\Buffer.h">
      <Filter>Header Files</Filter>
    </ClInclude>
    <ClInclude Include="src\zltoolkit\Network\Socket.h">
      <Filter>Header Files</Filter>
    </ClInclude>
    <ClInclude Include="src\zltoolkit\Network\sockutil.h">
      <Filter>Header Files</Filter>
    </ClInclude>
    <ClInclude Include="src\zltoolkit\Network\TcpClient.h">
      <Filter>Header Files</Filter>
    </ClInclude>
    <ClInclude Include="src\zltoolkit\Network\TcpServer.h">
      <Filter>Header Files</Filter>
    </ClInclude>
    <ClInclude Include="src\zltoolkit\Network\TcpSession.h">
      <Filter>Header Files</Filter>
    </ClInclude>
    <ClInclude Include="src\zltoolkit\Poller\EventPoller.h">
      <Filter>Header Files</Filter>
    </ClInclude>
    <ClInclude Include="src\zltoolkit\Poller\Pipe.h">
      <Filter>Header Files</Filter>
    </ClInclude>
    <ClInclude Include="src\zltoolkit\Poller\PipeWrap.h">
      <Filter>Header Files</Filter>
    </ClInclude>
    <ClInclude Include="src\zltoolkit\Poller\SelectWrap.h">
      <Filter>Header Files</Filter>
    </ClInclude>
    <ClInclude Include="src\zltoolkit\Poller\Timer.h">
      <Filter>Header Files</Filter>
    </ClInclude>
    <ClInclude Include="src\zltoolkit\Thread\semaphore.h">
      <Filter>Header Files</Filter>
    </ClInclude>
    <ClInclude Include="src\zltoolkit\Thread\TaskExecutor.h">
      <Filter>Header Files</Filter>
    </ClInclude>
    <ClInclude Include="src\zltoolkit\Thread\TaskQueue.h">
      <Filter>Header Files</Filter>
    </ClInclude>
    <ClInclude Include="src\zltoolkit\Thread\threadgroup.h">
      <Filter>Header Files</Filter>
    </ClInclude>
    <ClInclude Include="src\zltoolkit\Thread\ThreadPool.h">
      <Filter>Header Files</Filter>
    </ClInclude>
    <ClInclude Include="src\zltoolkit\Thread\WorkThreadPool.h">
      <Filter>Header Files</Filter>
    </ClInclude>
    <ClInclude Include="src\zltoolkit\win32\getopt.h">
      <Filter>Header Files</Filter>
    </ClInclude>
    <ClInclude Include="src\zltoolkit\win32\tailor.h">
      <Filter>Header Files</Filter>
    </ClInclude>
    <ClInclude Include="..\..\include\libhttp\httprequesthandler_json.h">
      <Filter>Header Files</Filter>
    </ClInclude>
    <ClInclude Include="..\..\include\libhttp\jsonhandler.h">
      <Filter>Header Files</Filter>
    </ClInclude>
    <ClInclude Include="..\..\include\libhttp\httppost.h">
      <Filter>Header Files</Filter>
    </ClInclude>
    <ClInclude Include="..\..\include\libhttp\mime.h">
      <Filter>Header Files</Filter>
    </ClInclude>
    <ClInclude Include="..\..\include\libhttp\httpchunkparser.h">
      <Filter>Header Files</Filter>
    </ClInclude>
    <ClInclude Include="..\..\include\libhttp\httpacker.h">
      <Filter>Header Files</Filter>
    </ClInclude>
    <ClInclude Include="..\..\include\libhttp\postjsonmanager.h">
      <Filter>Header Files</Filter>
    </ClInclude>
    <ClInclude Include="..\..\include\libhttp\textparser.h">
      <Filter>Header Files</Filter>
    </ClInclude>
    <ClInclude Include="..\..\include\libhttp\FileUploadManager.h">
      <Filter>Header Files</Filter>
    </ClInclude>
  </ItemGroup>
  <ItemGroup>
    <None Include="libhttp.def">
      <Filter>Source Files</Filter>
    </None>
    <None Include="res\libhttp.rc2">
      <Filter>Resource Files</Filter>
    </None>
    <None Include="..\..\include\libhttp\libhttp.inl">
      <Filter>Header Files</Filter>
    </None>
  </ItemGroup>
  <ItemGroup>
    <ResourceCompile Include="libhttp.rc">
      <Filter>Resource Files</Filter>
    </ResourceCompile>
  </ItemGroup>
  <ItemGroup>
    <Text Include="todo.txt" />
  </ItemGroup>
</Project>