
Microsoft Visual Studio Solution File, Format Version 12.00
# Visual Studio Version 16
VisualStudioVersion = 16.0.29201.188
MinimumVisualStudioVersion = 10.0.40219.1
Project("{8BC9CEB8-8B4A-11D0-8D11-00A0C91BC942}") = "corelooper", "corelooper.vcxproj", "{FD47E92B-7702-459F-BFB7-81C2D64C61B9}"
EndProject
Project("{2150E333-8FDC-42A3-9474-1A3956D46DE8}") = "Solution Items", "Solution Items", "{6EF3787B-9460-4537-A4ED-365A87D4EB23}"
	ProjectSection(SolutionItems) = preProject
		..\..\CMakeLists.txt = ..\..\CMakeLists.txt
		..\..\readme.txt = ..\..\readme.txt
		..\..\doc\readme_cn.md = ..\..\doc\readme_cn.md
		..\..\todo.txt = ..\..\todo.txt
	EndProjectSection
EndProject
Global
	GlobalSection(SolutionConfigurationPlatforms) = preSolution
		Debug|x64 = Debug|x64
		Debug|x86 = Debug|x86
		DebugApp|x64 = DebugApp|x64
		DebugApp|x86 = DebugApp|x86
		Release|x64 = Release|x64
		Release|x86 = Release|x86
	EndGlobalSection
	GlobalSection(ProjectConfigurationPlatforms) = postSolution
		{FD47E92B-7702-459F-BFB7-81C2D64C61B9}.Debug|x64.ActiveCfg = Debug|x64
		{FD47E92B-7702-459F-BFB7-81C2D64C61B9}.Debug|x64.Build.0 = Debug|x64
		{FD47E92B-7702-459F-BFB7-81C2D64C61B9}.Debug|x86.ActiveCfg = Debug|Win32
		{FD47E92B-7702-459F-BFB7-81C2D64C61B9}.Debug|x86.Build.0 = Debug|Win32
		{FD47E92B-7702-459F-BFB7-81C2D64C61B9}.DebugApp|x64.ActiveCfg = Debug_App|x64
		{FD47E92B-7702-459F-BFB7-81C2D64C61B9}.DebugApp|x64.Build.0 = Debug_App|x64
		{FD47E92B-7702-459F-BFB7-81C2D64C61B9}.DebugApp|x86.ActiveCfg = Debug_App|Win32
		{FD47E92B-7702-459F-BFB7-81C2D64C61B9}.DebugApp|x86.Build.0 = Debug_App|Win32
		{FD47E92B-7702-459F-BFB7-81C2D64C61B9}.Release|x64.ActiveCfg = Release|x64
		{FD47E92B-7702-459F-BFB7-81C2D64C61B9}.Release|x64.Build.0 = Release|x64
		{FD47E92B-7702-459F-BFB7-81C2D64C61B9}.Release|x86.ActiveCfg = Release|Win32
		{FD47E92B-7702-459F-BFB7-81C2D64C61B9}.Release|x86.Build.0 = Release|Win32
	EndGlobalSection
	GlobalSection(SolutionProperties) = preSolution
		HideSolutionNode = FALSE
	EndGlobalSection
	GlobalSection(ExtensibilityGlobals) = postSolution
		SolutionGuid = {CC0219AD-6E57-4146-BAA4-0B1B8DBEC9F9}
	EndGlobalSection
EndGlobal
