<?xml version="1.0" encoding="utf-8"?>
<Project ToolsVersion="4.0" xmlns="http://schemas.microsoft.com/developer/msbuild/2003">
  <ItemGroup>
    <Filter Include="Source Files">
      <UniqueIdentifier>{4FC737F1-C7A5-4376-A066-2A32D752A2FF}</UniqueIdentifier>
      <Extensions>cpp;c;cc;cxx;c++;cppm;ixx;def;odl;idl;hpj;bat;asm;asmx</Extensions>
    </Filter>
    <Filter Include="Header Files">
      <UniqueIdentifier>{93995380-89BD-4b04-88EB-625FBE52EBFB}</UniqueIdentifier>
      <Extensions>h;hh;hpp;hxx;h++;hm;inl;inc;ipp;xsd</Extensions>
    </Filter>
    <Filter Include="Resource Files">
      <UniqueIdentifier>{67DA6AB6-F800-4c08-8B7A-83BB121AAD01}</UniqueIdentifier>
      <Extensions>rc;ico;cur;bmp;dlg;rc2;rct;bin;rgs;gif;jpg;jpeg;jpe;resx;tiff;tif;png;wav;mfcribbon-ms</Extensions>
    </Filter>
  </ItemGroup>
  <ItemGroup>
    <ClCompile Include="liblooper.cpp">
      <Filter>Source Files</Filter>
    </ClCompile>
    <ClCompile Include="pch.cpp">
      <Filter>Source Files</Filter>
    </ClCompile>
    <ClCompile Include="src\looper.cpp">
      <Filter>Source Files</Filter>
    </ClCompile>
    <ClCompile Include="src\pipeWrap.cpp">
      <Filter>Source Files</Filter>
    </ClCompile>
    <ClCompile Include="src\sockutil.cpp">
      <Filter>Source Files</Filter>
    </ClCompile>
    <ClCompile Include="src\uv_errno.cpp">
      <Filter>Source Files</Filter>
    </ClCompile>
    <ClCompile Include="src\logger.cpp">
      <Filter>Source Files</Filter>
    </ClCompile>
    <ClCompile Include="src\loghandler_dt.cpp">
      <Filter>Source Files</Filter>
    </ClCompile>
    <ClCompile Include="src\bytebuffer.cpp">
      <Filter>Source Files</Filter>
    </ClCompile>
    <ClCompile Include="src\bytetool.cpp">
      <Filter>Source Files</Filter>
    </ClCompile>
    <ClCompile Include="src\stringtool.cpp">
      <Filter>Source Files</Filter>
    </ClCompile>
    <ClCompile Include="src\system.cpp">
      <Filter>Source Files</Filter>
    </ClCompile>
    <ClCompile Include="src\timems.cpp">
      <Filter>Source Files</Filter>
    </ClCompile>
    <ClCompile Include="src\wepoll\wepoll.c">
      <Filter>Source Files</Filter>
    </ClCompile>
    <ClCompile Include="src\wepoll\wepoll.test.cpp">
      <Filter>Source Files</Filter>
    </ClCompile>
    <ClCompile Include="src\wepoll\sys\epoll.cpp">
      <Filter>Source Files</Filter>
    </ClCompile>
    <ClCompile Include="src\timer.cpp">
      <Filter>Source Files</Filter>
    </ClCompile>
    <ClCompile Include="src\file.cpp">
      <Filter>Source Files</Filter>
    </ClCompile>
  </ItemGroup>
  <ItemGroup>
    <ClInclude Include="pch.h">
      <Filter>Header Files</Filter>
    </ClInclude>
    <ClInclude Include="src\looper.h">
      <Filter>Header Files</Filter>
    </ClInclude>
    <ClInclude Include="src\noncopyable.h">
      <Filter>Header Files</Filter>
    </ClInclude>
    <ClInclude Include="src\task.executor.h">
      <Filter>Header Files</Filter>
    </ClInclude>
    <ClInclude Include="src\list.h">
      <Filter>Header Files</Filter>
    </ClInclude>
    <ClInclude Include="src\pipeWrap.h">
      <Filter>Header Files</Filter>
    </ClInclude>
    <ClInclude Include="src\sockutil.h">
      <Filter>Header Files</Filter>
    </ClInclude>
    <ClInclude Include="src\uv_errno.h">
      <Filter>Header Files</Filter>
    </ClInclude>
    <ClInclude Include="src\onceToken.h">
      <Filter>Header Files</Filter>
    </ClInclude>
    <ClInclude Include="src\logger.h">
      <Filter>Header Files</Filter>
    </ClInclude>
    <ClInclude Include="src\loghandler_dt.h">
      <Filter>Header Files</Filter>
    </ClInclude>
    <ClInclude Include="src\bytebuffer.h">
      <Filter>Header Files</Filter>
    </ClInclude>
    <ClInclude Include="src\bytetool.h">
      <Filter>Header Files</Filter>
    </ClInclude>
    <ClInclude Include="src\stringtool.h">
      <Filter>Header Files</Filter>
    </ClInclude>
    <ClInclude Include="src\system.h">
      <Filter>Header Files</Filter>
    </ClInclude>
    <ClInclude Include="src\timems.h">
      <Filter>Header Files</Filter>
    </ClInclude>
    <ClInclude Include="src\wepoll\wepoll.h">
      <Filter>Header Files</Filter>
    </ClInclude>
    <ClInclude Include="src\wepoll\sys\epoll.h">
      <Filter>Header Files</Filter>
    </ClInclude>
    <ClInclude Include="src\timer.h">
      <Filter>Header Files</Filter>
    </ClInclude>
    <ClInclude Include="src\iniConfiger.h">
      <Filter>Header Files</Filter>
    </ClInclude>
    <ClInclude Include="src\file.h">
      <Filter>Header Files</Filter>
    </ClInclude>
  </ItemGroup>
  <ItemGroup>
    <None Include=".editorconfig" />
  </ItemGroup>
  <ItemGroup>
    <Text Include="doc\todo.txt" />
  </ItemGroup>
</Project>