<?xml version="1.0" encoding="utf-8"?>
<Project ToolsVersion="4.0" xmlns="http://schemas.microsoft.com/developer/msbuild/2003">
  <ItemGroup>
    <ClCompile Include="FtpServer_vs.cpp">
      <Filter>Source Files</Filter>
    </ClCompile>
    <ClCompile Include="FtpServer_vsDlg.cpp">
      <Filter>Source Files</Filter>
    </ClCompile>
    <ClCompile Include="src\mainlooper.cpp">
      <Filter>Source Files</Filter>
    </ClCompile>
    <ClCompile Include="stdafx.cpp">
      <Filter>Source Files</Filter>
    </ClCompile>
    <ClCompile Include="src\ftpprotocol.cpp">
      <Filter>Source Files</Filter>
    </ClCompile>
    <ClCompile Include="src\ftpdataserver.cpp">
      <Filter>Source Files</Filter>
    </ClCompile>
    <ClCompile Include="src\ftpcommandhandler.cpp">
      <Filter>Source Files</Filter>
    </ClCompile>
    <ClCompile Include="src\ftpserver.cpp">
      <Filter>Source Files</Filter>
    </ClCompile>
    <ClCompile Include="src\datasource.cpp">
      <Filter>Source Files</Filter>
    </ClCompile>
    <ClCompile Include="src\datasink.cpp">
      <Filter>Source Files</Filter>
    </ClCompile>
    <ClCompile Include="src\ftpdatainhandler.cpp">
      <Filter>Source Files</Filter>
    </ClCompile>
    <ClCompile Include="src\ftpdataouthandler.cpp">
      <Filter>Source Files</Filter>
    </ClCompile>
    <ClCompile Include="src\ftpdatahandler.cpp">
      <Filter>Source Files</Filter>
    </ClCompile>
    <ClCompile Include="src\datasource_buffer.cpp">
      <Filter>Source Files</Filter>
    </ClCompile>
    <ClCompile Include="src\datasource_file.cpp">
      <Filter>Source Files</Filter>
    </ClCompile>
    <ClCompile Include="src\datasink_file.cpp">
      <Filter>Source Files</Filter>
    </ClCompile>
  </ItemGroup>
  <ItemGroup>
    <ClInclude Include="FtpServer_vs.h">
      <Filter>Header Files</Filter>
    </ClInclude>
    <ClInclude Include="FtpServer_vsDlg.h">
      <Filter>Header Files</Filter>
    </ClInclude>
    <ClInclude Include="src\mainlooper.h">
      <Filter>Header Files</Filter>
    </ClInclude>
    <ClInclude Include="stdafx.h">
      <Filter>Header Files</Filter>
    </ClInclude>
    <ClInclude Include="Resource.h">
      <Filter>Header Files</Filter>
    </ClInclude>
    <ClInclude Include="targetver.h">
      <Filter>Header Files</Filter>
    </ClInclude>
    <ClInclude Include="src\ftpconfig.h">
      <Filter>Header Files</Filter>
    </ClInclude>
    <ClInclude Include="src\ftpprotocol.h">
      <Filter>Header Files</Filter>
    </ClInclude>
    <ClInclude Include="src\ftpprotocolcb.h">
      <Filter>Header Files</Filter>
    </ClInclude>
    <ClInclude Include="src\ftpdataserver.h">
      <Filter>Header Files</Filter>
    </ClInclude>
    <ClInclude Include="src\ftprecvfiledata.h">
      <Filter>Header Files</Filter>
    </ClInclude>
    <ClInclude Include="src\ftpsendfiledata.h">
      <Filter>Header Files</Filter>
    </ClInclude>
    <ClInclude Include="src\ftpcommandhandler.h">
      <Filter>Header Files</Filter>
    </ClInclude>
    <ClInclude Include="src\ftpserver.h">
      <Filter>Header Files</Filter>
    </ClInclude>
    <ClInclude Include="src\datasource.h">
      <Filter>Header Files</Filter>
    </ClInclude>
    <ClInclude Include="src\datasink.h">
      <Filter>Header Files</Filter>
    </ClInclude>
    <ClInclude Include="src\ftpdatainhandler.h">
      <Filter>Header Files</Filter>
    </ClInclude>
    <ClInclude Include="src\ftpdataouthandler.h">
      <Filter>Header Files</Filter>
    </ClInclude>
    <ClInclude Include="src\ftpdatahandler.h">
      <Filter>Header Files</Filter>
    </ClInclude>
    <ClInclude Include="src\datasource_buffer.h">
      <Filter>Header Files</Filter>
    </ClInclude>
    <ClInclude Include="src\datasource_file.h">
      <Filter>Header Files</Filter>
    </ClInclude>
    <ClInclude Include="src\datasink_file.h">
      <Filter>Header Files</Filter>
    </ClInclude>
  </ItemGroup>
  <ItemGroup>
    <Text Include="todo.txt" />
  </ItemGroup>
  <ItemGroup>
    <Filter Include="Source Files">
      <UniqueIdentifier>{4FC737F1-C7A5-4376-A066-2A32D752A2FF}</UniqueIdentifier>
      <Extensions>cpp;c;cc;cxx;def;odl;idl;hpj;bat;asm;asmx</Extensions>
    </Filter>
    <Filter Include="Header Files">
      <UniqueIdentifier>{93995380-89BD-4b04-88EB-625FBE52EBFB}</UniqueIdentifier>
      <Extensions>h;hh;hpp;hxx;hm;inl;inc;xsd</Extensions>
    </Filter>
    <Filter Include="Resource Files">
      <UniqueIdentifier>{6ed80cef-63b1-4b70-8b0c-52452e7f8321}</UniqueIdentifier>
    </Filter>
  </ItemGroup>
  <ItemGroup>
    <Image Include="res\FtpServer_vs.ico">
      <Filter>Resource Files</Filter>
    </Image>
  </ItemGroup>
  <ItemGroup>
    <ResourceCompile Include="FtpServervs.rc">
      <Filter>Resource Files</Filter>
    </ResourceCompile>
  </ItemGroup>
  <ItemGroup>
    <None Include="res\FtpServervs.rc2">
      <Filter>Resource Files</Filter>
    </None>
  </ItemGroup>
</Project>